
Microsoft Visual Studio Solution File, Format Version 12.00
# Visual Studio 15
VisualStudioVersion = 15.0.28307.572
MinimumVisualStudioVersion = 10.0.40219.1
Project("{8BC9CEB8-8B4A-11D0-8D11-00A0C91BC942}") = "Library", "Library\Library.vcxproj", "{810A987D-BFF4-4112-A59F-B8EAE9FCCD65}"
EndProject
Project("{8BC9CEB8-8B4A-11D0-8D11-00A0C91BC942}") = "TestLibrary", "TestLibrary\TestLibrary.vcxproj", "{E39BE139-4A09-4ED6-8432-8E759940EC67}"
EndProject
Project("{2150E333-8FDC-42A3-9474-1A3956D46DE8}") = "Solution Items", "Solution Items", "{705AAB65-0713-4EAB-8A38-10B177804E45}"
	ProjectSection(SolutionItems) = preProject
		build.ps1 = build.ps1
		CoApp\Library.autopkg = CoApp\Library.autopkg
	EndProjectSection
EndProject
Project("{8BC9CEB8-8B4A-11D0-8D11-00A0C91BC942}") = "TestORB", "TestORB\TestORB.vcxproj", "{7107A53F-90B6-4130-B275-CCB39B91B22B}"
EndProject
Project("{8BC9CEB8-8B4A-11D0-8D11-00A0C91BC942}") = "nlibcxx.vc", "nlibcxx.vc\nlibcxx.vc.vcxproj", "{62D6A9D0-F718-491A-891D-2121042FA37A}"
EndProject
Project("{8BC9CEB8-8B4A-11D0-8D11-00A0C91BC942}") = "TestLibCXX", "TestLibCXX\TestLibCXX.vcxproj", "{86F95AA8-7AED-4631-A1C1-A5F010D0E127}"
EndProject
Global
	GlobalSection(SolutionConfigurationPlatforms) = preSolution
		Debug|x64 = Debug|x64
		Debug|x86 = Debug|x86
		Release|x64 = Release|x64
		Release|x86 = Release|x86
	EndGlobalSection
	GlobalSection(ProjectConfigurationPlatforms) = postSolution
		{810A987D-BFF4-4112-A59F-B8EAE9FCCD65}.Debug|x64.ActiveCfg = Debug|x64
		{810A987D-BFF4-4112-A59F-B8EAE9FCCD65}.Debug|x64.Build.0 = Debug|x64
		{810A987D-BFF4-4112-A59F-B8EAE9FCCD65}.Debug|x86.ActiveCfg = Debug|Win32
		{810A987D-BFF4-4112-A59F-B8EAE9FCCD65}.Debug|x86.Build.0 = Debug|Win32
		{810A987D-BFF4-4112-A59F-B8EAE9FCCD65}.Release|x64.ActiveCfg = Release|x64
		{810A987D-BFF4-4112-A59F-B8EAE9FCCD65}.Release|x64.Build.0 = Release|x64
		{810A987D-BFF4-4112-A59F-B8EAE9FCCD65}.Release|x86.ActiveCfg = Release|Win32
		{810A987D-BFF4-4112-A59F-B8EAE9FCCD65}.Release|x86.Build.0 = Release|Win32
		{E39BE139-4A09-4ED6-8432-8E759940EC67}.Debug|x64.ActiveCfg = Debug|x64
		{E39BE139-4A09-4ED6-8432-8E759940EC67}.Debug|x64.Build.0 = Debug|x64
		{E39BE139-4A09-4ED6-8432-8E759940EC67}.Debug|x86.ActiveCfg = Debug|Win32
		{E39BE139-4A09-4ED6-8432-8E759940EC67}.Debug|x86.Build.0 = Debug|Win32
		{E39BE139-4A09-4ED6-8432-8E759940EC67}.Release|x64.ActiveCfg = Release|x64
		{E39BE139-4A09-4ED6-8432-8E759940EC67}.Release|x64.Build.0 = Release|x64
		{E39BE139-4A09-4ED6-8432-8E759940EC67}.Release|x86.ActiveCfg = Release|Win32
		{E39BE139-4A09-4ED6-8432-8E759940EC67}.Release|x86.Build.0 = Release|Win32
		{7107A53F-90B6-4130-B275-CCB39B91B22B}.Debug|x64.ActiveCfg = Debug|x64
		{7107A53F-90B6-4130-B275-CCB39B91B22B}.Debug|x64.Build.0 = Debug|x64
		{7107A53F-90B6-4130-B275-CCB39B91B22B}.Debug|x86.ActiveCfg = Debug|Win32
		{7107A53F-90B6-4130-B275-CCB39B91B22B}.Debug|x86.Build.0 = Debug|Win32
		{7107A53F-90B6-4130-B275-CCB39B91B22B}.Release|x64.ActiveCfg = Release|x64
		{7107A53F-90B6-4130-B275-CCB39B91B22B}.Release|x64.Build.0 = Release|x64
		{7107A53F-90B6-4130-B275-CCB39B91B22B}.Release|x86.ActiveCfg = Release|Win32
		{7107A53F-90B6-4130-B275-CCB39B91B22B}.Release|x86.Build.0 = Release|Win32
		{62D6A9D0-F718-491A-891D-2121042FA37A}.Debug|x64.ActiveCfg = Debug|x64
		{62D6A9D0-F718-491A-891D-2121042FA37A}.Debug|x64.Build.0 = Debug|x64
		{62D6A9D0-F718-491A-891D-2121042FA37A}.Debug|x86.ActiveCfg = Debug|Win32
		{62D6A9D0-F718-491A-891D-2121042FA37A}.Debug|x86.Build.0 = Debug|Win32
		{62D6A9D0-F718-491A-891D-2121042FA37A}.Release|x64.ActiveCfg = Release|x64
		{62D6A9D0-F718-491A-891D-2121042FA37A}.Release|x64.Build.0 = Release|x64
		{62D6A9D0-F718-491A-891D-2121042FA37A}.Release|x86.ActiveCfg = Release|Win32
		{62D6A9D0-F718-491A-891D-2121042FA37A}.Release|x86.Build.0 = Release|Win32
		{86F95AA8-7AED-4631-A1C1-A5F010D0E127}.Debug|x64.ActiveCfg = Debug|x64
		{86F95AA8-7AED-4631-A1C1-A5F010D0E127}.Debug|x64.Build.0 = Debug|x64
		{86F95AA8-7AED-4631-A1C1-A5F010D0E127}.Debug|x86.ActiveCfg = Debug|Win32
		{86F95AA8-7AED-4631-A1C1-A5F010D0E127}.Debug|x86.Build.0 = Debug|Win32
		{86F95AA8-7AED-4631-A1C1-A5F010D0E127}.Release|x64.ActiveCfg = Release|x64
		{86F95AA8-7AED-4631-A1C1-A5F010D0E127}.Release|x64.Build.0 = Release|x64
		{86F95AA8-7AED-4631-A1C1-A5F010D0E127}.Release|x86.ActiveCfg = Release|Win32
		{86F95AA8-7AED-4631-A1C1-A5F010D0E127}.Release|x86.Build.0 = Release|Win32
	EndGlobalSection
	GlobalSection(SolutionProperties) = preSolution
		HideSolutionNode = FALSE
	EndGlobalSection
	GlobalSection(ExtensibilityGlobals) = postSolution
		SolutionGuid = {8BF25B33-3B8D-426F-A494-E34485CEAFD4}
	EndGlobalSection
EndGlobal
