
Microsoft Visual Studio Solution File, Format Version 12.00
# Visual Studio Version 17
VisualStudioVersion = 17.3.32825.248
MinimumVisualStudioVersion = 10.0.40219.1
Project("{2150E333-8FDC-42A3-9474-1A3956D46DE8}") = "Solution Items", "Solution Items", "{705AAB65-0713-4EAB-8A38-10B177804E45}"
	ProjectSection(SolutionItems) = preProject
		build.ps1 = build.ps1
		CoApp\CoreImport.vc.autopkg = CoApp\CoreImport.vc.autopkg
		cpp.hint = cpp.hint
		CoApp\googletest.vc.autopkg = CoApp\googletest.vc.autopkg
		CoApp\LibMock.vc.autopkg = CoApp\LibMock.vc.autopkg
		CoApp\Library.vc.autopkg = CoApp\Library.vc.autopkg
		NuGet.Config = NuGet.Config
	EndProjectSection
EndProject
Project("{8BC9CEB8-8B4A-11D0-8D11-00A0C91BC942}") = "googletest", "googletest\googletest.vcxproj", "{5D537823-C595-4FB0-8056-9E6CE6A58EA7}"
	ProjectSection(ProjectDependencies) = postProject
		{810A987D-BFF4-4112-A59F-B8EAE9FCCD65} = {810A987D-BFF4-4112-A59F-B8EAE9FCCD65}
	EndProjectSection
EndProject
Project("{2150E333-8FDC-42A3-9474-1A3956D46DE8}") = "Nirvana", "Nirvana", "{FD422392-8CA2-4A93-A178-10B43B99664E}"
EndProject
Project("{8BC9CEB8-8B4A-11D0-8D11-00A0C91BC942}") = "CoreImport", "Nirvana\CoreImport\CoreImport.vcxproj", "{0D8B0020-62E3-472F-BE10-5400BC8183CA}"
EndProject
Project("{8BC9CEB8-8B4A-11D0-8D11-00A0C91BC942}") = "LibMock", "Nirvana\LibMock\LibMock.vcxproj", "{AE347E10-438A-4A2B-8D7F-47B40D85BE40}"
EndProject
Project("{8BC9CEB8-8B4A-11D0-8D11-00A0C91BC942}") = "Library", "Nirvana\Library\Library.vcxproj", "{810A987D-BFF4-4112-A59F-B8EAE9FCCD65}"
EndProject
Project("{8BC9CEB8-8B4A-11D0-8D11-00A0C91BC942}") = "TestLibrary", "Nirvana\TestLibrary\TestLibrary.vcxproj", "{E39BE139-4A09-4ED6-8432-8E759940EC67}"
EndProject
Project("{8BC9CEB8-8B4A-11D0-8D11-00A0C91BC942}") = "TestORB", "Nirvana\TestORB\TestORB.vcxproj", "{7107A53F-90B6-4130-B275-CCB39B91B22B}"
EndProject
Project("{8BC9CEB8-8B4A-11D0-8D11-00A0C91BC942}") = "TestSTL", "Nirvana\TestSTL\TestSTL.vcxproj", "{86F95AA8-7AED-4631-A1C1-A5F010D0E127}"
EndProject
Project("{8BC9CEB8-8B4A-11D0-8D11-00A0C91BC942}") = "CRTL", "Nirvana\CRTL\CRTL.vcxproj", "{ED89B7CD-543A-4D5B-AAB8-E2DA7148D7F0}"
EndProject
Global
	GlobalSection(SolutionConfigurationPlatforms) = preSolution
		Debug 2019|x64 = Debug 2019|x64
		Debug 2019|x86 = Debug 2019|x86
		Debug 2022|x64 = Debug 2022|x64
		Debug 2022|x86 = Debug 2022|x86
		Debug LLVM|x64 = Debug LLVM|x64
		Debug LLVM|x86 = Debug LLVM|x86
		Release 2019|x64 = Release 2019|x64
		Release 2019|x86 = Release 2019|x86
		Release 2022|x64 = Release 2022|x64
		Release 2022|x86 = Release 2022|x86
		Release LLVM|x64 = Release LLVM|x64
		Release LLVM|x86 = Release LLVM|x86
	EndGlobalSection
	GlobalSection(ProjectConfigurationPlatforms) = postSolution
		{5D537823-C595-4FB0-8056-9E6CE6A58EA7}.Debug 2019|x64.ActiveCfg = Debug 2019|x64
		{5D537823-C595-4FB0-8056-9E6CE6A58EA7}.Debug 2019|x64.Build.0 = Debug 2019|x64
		{5D537823-C595-4FB0-8056-9E6CE6A58EA7}.Debug 2019|x86.ActiveCfg = Debug 2019|Win32
		{5D537823-C595-4FB0-8056-9E6CE6A58EA7}.Debug 2019|x86.Build.0 = Debug 2019|Win32
		{5D537823-C595-4FB0-8056-9E6CE6A58EA7}.Debug 2022|x64.ActiveCfg = Debug 2022|x64
		{5D537823-C595-4FB0-8056-9E6CE6A58EA7}.Debug 2022|x64.Build.0 = Debug 2022|x64
		{5D537823-C595-4FB0-8056-9E6CE6A58EA7}.Debug 2022|x86.ActiveCfg = Debug 2022|Win32
		{5D537823-C595-4FB0-8056-9E6CE6A58EA7}.Debug 2022|x86.Build.0 = Debug 2022|Win32
		{5D537823-C595-4FB0-8056-9E6CE6A58EA7}.Debug LLVM|x64.ActiveCfg = Debug LLVM|x64
		{5D537823-C595-4FB0-8056-9E6CE6A58EA7}.Debug LLVM|x64.Build.0 = Debug LLVM|x64
		{5D537823-C595-4FB0-8056-9E6CE6A58EA7}.Debug LLVM|x86.ActiveCfg = Debug LLVM|Win32
		{5D537823-C595-4FB0-8056-9E6CE6A58EA7}.Debug LLVM|x86.Build.0 = Debug LLVM|Win32
		{5D537823-C595-4FB0-8056-9E6CE6A58EA7}.Release 2019|x64.ActiveCfg = Release 2019|x64
		{5D537823-C595-4FB0-8056-9E6CE6A58EA7}.Release 2019|x64.Build.0 = Release 2019|x64
		{5D537823-C595-4FB0-8056-9E6CE6A58EA7}.Release 2019|x86.ActiveCfg = Release 2019|Win32
		{5D537823-C595-4FB0-8056-9E6CE6A58EA7}.Release 2019|x86.Build.0 = Release 2019|Win32
		{5D537823-C595-4FB0-8056-9E6CE6A58EA7}.Release 2022|x64.ActiveCfg = Release 2022|x64
		{5D537823-C595-4FB0-8056-9E6CE6A58EA7}.Release 2022|x64.Build.0 = Release 2022|x64
		{5D537823-C595-4FB0-8056-9E6CE6A58EA7}.Release 2022|x86.ActiveCfg = Release 2022|Win32
		{5D537823-C595-4FB0-8056-9E6CE6A58EA7}.Release 2022|x86.Build.0 = Release 2022|Win32
		{5D537823-C595-4FB0-8056-9E6CE6A58EA7}.Release LLVM|x64.ActiveCfg = Release LLVM|x64
		{5D537823-C595-4FB0-8056-9E6CE6A58EA7}.Release LLVM|x64.Build.0 = Release LLVM|x64
		{5D537823-C595-4FB0-8056-9E6CE6A58EA7}.Release LLVM|x86.ActiveCfg = Release LLVM|Win32
		{5D537823-C595-4FB0-8056-9E6CE6A58EA7}.Release LLVM|x86.Build.0 = Release LLVM|Win32
		{0D8B0020-62E3-472F-BE10-5400BC8183CA}.Debug 2019|x64.ActiveCfg = Debug 2019|x64
		{0D8B0020-62E3-472F-BE10-5400BC8183CA}.Debug 2019|x64.Build.0 = Debug 2019|x64
		{0D8B0020-62E3-472F-BE10-5400BC8183CA}.Debug 2019|x86.ActiveCfg = Debug 2019|Win32
		{0D8B0020-62E3-472F-BE10-5400BC8183CA}.Debug 2019|x86.Build.0 = Debug 2019|Win32
		{0D8B0020-62E3-472F-BE10-5400BC8183CA}.Debug 2022|x64.ActiveCfg = Debug 2022|x64
		{0D8B0020-62E3-472F-BE10-5400BC8183CA}.Debug 2022|x64.Build.0 = Debug 2022|x64
		{0D8B0020-62E3-472F-BE10-5400BC8183CA}.Debug 2022|x86.ActiveCfg = Debug 2022|Win32
		{0D8B0020-62E3-472F-BE10-5400BC8183CA}.Debug 2022|x86.Build.0 = Debug 2022|Win32
		{0D8B0020-62E3-472F-BE10-5400BC8183CA}.Debug LLVM|x64.ActiveCfg = Debug LLVM|x64
		{0D8B0020-62E3-472F-BE10-5400BC8183CA}.Debug LLVM|x64.Build.0 = Debug LLVM|x64
		{0D8B0020-62E3-472F-BE10-5400BC8183CA}.Debug LLVM|x86.ActiveCfg = Debug LLVM|Win32
		{0D8B0020-62E3-472F-BE10-5400BC8183CA}.Debug LLVM|x86.Build.0 = Debug LLVM|Win32
		{0D8B0020-62E3-472F-BE10-5400BC8183CA}.Release 2019|x64.ActiveCfg = Release 2019|x64
		{0D8B0020-62E3-472F-BE10-5400BC8183CA}.Release 2019|x64.Build.0 = Release 2019|x64
		{0D8B0020-62E3-472F-BE10-5400BC8183CA}.Release 2019|x86.ActiveCfg = Release 2019|Win32
		{0D8B0020-62E3-472F-BE10-5400BC8183CA}.Release 2019|x86.Build.0 = Release 2019|Win32
		{0D8B0020-62E3-472F-BE10-5400BC8183CA}.Release 2022|x64.ActiveCfg = Release 2022|x64
		{0D8B0020-62E3-472F-BE10-5400BC8183CA}.Release 2022|x64.Build.0 = Release 2022|x64
		{0D8B0020-62E3-472F-BE10-5400BC8183CA}.Release 2022|x86.ActiveCfg = Release 2022|Win32
		{0D8B0020-62E3-472F-BE10-5400BC8183CA}.Release 2022|x86.Build.0 = Release 2022|Win32
		{0D8B0020-62E3-472F-BE10-5400BC8183CA}.Release LLVM|x64.ActiveCfg = Release LLVM|x64
		{0D8B0020-62E3-472F-BE10-5400BC8183CA}.Release LLVM|x64.Build.0 = Release LLVM|x64
		{0D8B0020-62E3-472F-BE10-5400BC8183CA}.Release LLVM|x86.ActiveCfg = Release LLVM|Win32
		{0D8B0020-62E3-472F-BE10-5400BC8183CA}.Release LLVM|x86.Build.0 = Release LLVM|Win32
		{AE347E10-438A-4A2B-8D7F-47B40D85BE40}.Debug 2019|x64.ActiveCfg = Debug 2019|x64
		{AE347E10-438A-4A2B-8D7F-47B40D85BE40}.Debug 2019|x64.Build.0 = Debug 2019|x64
		{AE347E10-438A-4A2B-8D7F-47B40D85BE40}.Debug 2019|x86.ActiveCfg = Debug 2019|Win32
		{AE347E10-438A-4A2B-8D7F-47B40D85BE40}.Debug 2019|x86.Build.0 = Debug 2019|Win32
		{AE347E10-438A-4A2B-8D7F-47B40D85BE40}.Debug 2022|x64.ActiveCfg = Debug 2022|x64
		{AE347E10-438A-4A2B-8D7F-47B40D85BE40}.Debug 2022|x64.Build.0 = Debug 2022|x64
		{AE347E10-438A-4A2B-8D7F-47B40D85BE40}.Debug 2022|x86.ActiveCfg = Debug 2022|Win32
		{AE347E10-438A-4A2B-8D7F-47B40D85BE40}.Debug 2022|x86.Build.0 = Debug 2022|Win32
		{AE347E10-438A-4A2B-8D7F-47B40D85BE40}.Debug LLVM|x64.ActiveCfg = Debug LLVM|x64
		{AE347E10-438A-4A2B-8D7F-47B40D85BE40}.Debug LLVM|x64.Build.0 = Debug LLVM|x64
		{AE347E10-438A-4A2B-8D7F-47B40D85BE40}.Debug LLVM|x86.ActiveCfg = Debug LLVM|Win32
		{AE347E10-438A-4A2B-8D7F-47B40D85BE40}.Debug LLVM|x86.Build.0 = Debug LLVM|Win32
		{AE347E10-438A-4A2B-8D7F-47B40D85BE40}.Release 2019|x64.ActiveCfg = Release 2019|x64
		{AE347E10-438A-4A2B-8D7F-47B40D85BE40}.Release 2019|x64.Build.0 = Release 2019|x64
		{AE347E10-438A-4A2B-8D7F-47B40D85BE40}.Release 2019|x86.ActiveCfg = Release 2019|Win32
		{AE347E10-438A-4A2B-8D7F-47B40D85BE40}.Release 2019|x86.Build.0 = Release 2019|Win32
		{AE347E10-438A-4A2B-8D7F-47B40D85BE40}.Release 2022|x64.ActiveCfg = Release 2022|x64
		{AE347E10-438A-4A2B-8D7F-47B40D85BE40}.Release 2022|x64.Build.0 = Release 2022|x64
		{AE347E10-438A-4A2B-8D7F-47B40D85BE40}.Release 2022|x86.ActiveCfg = Release 2022|Win32
		{AE347E10-438A-4A2B-8D7F-47B40D85BE40}.Release 2022|x86.Build.0 = Release 2022|Win32
		{AE347E10-438A-4A2B-8D7F-47B40D85BE40}.Release LLVM|x64.ActiveCfg = Release LLVM|x64
		{AE347E10-438A-4A2B-8D7F-47B40D85BE40}.Release LLVM|x64.Build.0 = Release LLVM|x64
		{AE347E10-438A-4A2B-8D7F-47B40D85BE40}.Release LLVM|x86.ActiveCfg = Release LLVM|Win32
		{AE347E10-438A-4A2B-8D7F-47B40D85BE40}.Release LLVM|x86.Build.0 = Release LLVM|Win32
		{810A987D-BFF4-4112-A59F-B8EAE9FCCD65}.Debug 2019|x64.ActiveCfg = Debug 2019|x64
		{810A987D-BFF4-4112-A59F-B8EAE9FCCD65}.Debug 2019|x64.Build.0 = Debug 2019|x64
		{810A987D-BFF4-4112-A59F-B8EAE9FCCD65}.Debug 2019|x86.ActiveCfg = Debug 2019|Win32
		{810A987D-BFF4-4112-A59F-B8EAE9FCCD65}.Debug 2019|x86.Build.0 = Debug 2019|Win32
		{810A987D-BFF4-4112-A59F-B8EAE9FCCD65}.Debug 2022|x64.ActiveCfg = Debug 2022|x64
		{810A987D-BFF4-4112-A59F-B8EAE9FCCD65}.Debug 2022|x64.Build.0 = Debug 2022|x64
		{810A987D-BFF4-4112-A59F-B8EAE9FCCD65}.Debug 2022|x86.ActiveCfg = Debug 2022|Win32
		{810A987D-BFF4-4112-A59F-B8EAE9FCCD65}.Debug 2022|x86.Build.0 = Debug 2022|Win32
		{810A987D-BFF4-4112-A59F-B8EAE9FCCD65}.Debug LLVM|x64.ActiveCfg = Debug LLVM|x64
		{810A987D-BFF4-4112-A59F-B8EAE9FCCD65}.Debug LLVM|x64.Build.0 = Debug LLVM|x64
		{810A987D-BFF4-4112-A59F-B8EAE9FCCD65}.Debug LLVM|x86.ActiveCfg = Debug LLVM|Win32
		{810A987D-BFF4-4112-A59F-B8EAE9FCCD65}.Debug LLVM|x86.Build.0 = Debug LLVM|Win32
		{810A987D-BFF4-4112-A59F-B8EAE9FCCD65}.Release 2019|x64.ActiveCfg = Release 2019|x64
		{810A987D-BFF4-4112-A59F-B8EAE9FCCD65}.Release 2019|x64.Build.0 = Release 2019|x64
		{810A987D-BFF4-4112-A59F-B8EAE9FCCD65}.Release 2019|x86.ActiveCfg = Release 2019|Win32
		{810A987D-BFF4-4112-A59F-B8EAE9FCCD65}.Release 2019|x86.Build.0 = Release 2019|Win32
		{810A987D-BFF4-4112-A59F-B8EAE9FCCD65}.Release 2022|x64.ActiveCfg = Release 2022|x64
		{810A987D-BFF4-4112-A59F-B8EAE9FCCD65}.Release 2022|x64.Build.0 = Release 2022|x64
		{810A987D-BFF4-4112-A59F-B8EAE9FCCD65}.Release 2022|x86.ActiveCfg = Release 2022|Win32
		{810A987D-BFF4-4112-A59F-B8EAE9FCCD65}.Release 2022|x86.Build.0 = Release 2022|Win32
		{810A987D-BFF4-4112-A59F-B8EAE9FCCD65}.Release LLVM|x64.ActiveCfg = Release LLVM|x64
		{810A987D-BFF4-4112-A59F-B8EAE9FCCD65}.Release LLVM|x64.Build.0 = Release LLVM|x64
		{810A987D-BFF4-4112-A59F-B8EAE9FCCD65}.Release LLVM|x86.ActiveCfg = Release LLVM|Win32
		{810A987D-BFF4-4112-A59F-B8EAE9FCCD65}.Release LLVM|x86.Build.0 = Release LLVM|Win32
		{E39BE139-4A09-4ED6-8432-8E759940EC67}.Debug 2019|x64.ActiveCfg = Debug 2019|x64
		{E39BE139-4A09-4ED6-8432-8E759940EC67}.Debug 2019|x64.Build.0 = Debug 2019|x64
		{E39BE139-4A09-4ED6-8432-8E759940EC67}.Debug 2019|x86.ActiveCfg = Debug 2019|Win32
		{E39BE139-4A09-4ED6-8432-8E759940EC67}.Debug 2019|x86.Build.0 = Debug 2019|Win32
		{E39BE139-4A09-4ED6-8432-8E759940EC67}.Debug 2022|x64.ActiveCfg = Debug 2022|x64
		{E39BE139-4A09-4ED6-8432-8E759940EC67}.Debug 2022|x64.Build.0 = Debug 2022|x64
		{E39BE139-4A09-4ED6-8432-8E759940EC67}.Debug 2022|x86.ActiveCfg = Debug 2022|Win32
		{E39BE139-4A09-4ED6-8432-8E759940EC67}.Debug 2022|x86.Build.0 = Debug 2022|Win32
		{E39BE139-4A09-4ED6-8432-8E759940EC67}.Debug LLVM|x64.ActiveCfg = Debug LLVM|x64
		{E39BE139-4A09-4ED6-8432-8E759940EC67}.Debug LLVM|x64.Build.0 = Debug LLVM|x64
		{E39BE139-4A09-4ED6-8432-8E759940EC67}.Debug LLVM|x86.ActiveCfg = Debug LLVM|Win32
		{E39BE139-4A09-4ED6-8432-8E759940EC67}.Debug LLVM|x86.Build.0 = Debug LLVM|Win32
		{E39BE139-4A09-4ED6-8432-8E759940EC67}.Release 2019|x64.ActiveCfg = Release 2019|x64
		{E39BE139-4A09-4ED6-8432-8E759940EC67}.Release 2019|x64.Build.0 = Release 2019|x64
		{E39BE139-4A09-4ED6-8432-8E759940EC67}.Release 2019|x86.ActiveCfg = Release 2019|Win32
		{E39BE139-4A09-4ED6-8432-8E759940EC67}.Release 2019|x86.Build.0 = Release 2019|Win32
		{E39BE139-4A09-4ED6-8432-8E759940EC67}.Release 2022|x64.ActiveCfg = Release 2022|x64
		{E39BE139-4A09-4ED6-8432-8E759940EC67}.Release 2022|x64.Build.0 = Release 2022|x64
		{E39BE139-4A09-4ED6-8432-8E759940EC67}.Release 2022|x86.ActiveCfg = Release 2022|Win32
		{E39BE139-4A09-4ED6-8432-8E759940EC67}.Release 2022|x86.Build.0 = Release 2022|Win32
		{E39BE139-4A09-4ED6-8432-8E759940EC67}.Release LLVM|x64.ActiveCfg = Release LLVM|x64
		{E39BE139-4A09-4ED6-8432-8E759940EC67}.Release LLVM|x64.Build.0 = Release LLVM|x64
		{E39BE139-4A09-4ED6-8432-8E759940EC67}.Release LLVM|x86.ActiveCfg = Release LLVM|Win32
		{E39BE139-4A09-4ED6-8432-8E759940EC67}.Release LLVM|x86.Build.0 = Release LLVM|Win32
		{7107A53F-90B6-4130-B275-CCB39B91B22B}.Debug 2019|x64.ActiveCfg = Debug 2019|x64
		{7107A53F-90B6-4130-B275-CCB39B91B22B}.Debug 2019|x64.Build.0 = Debug 2019|x64
		{7107A53F-90B6-4130-B275-CCB39B91B22B}.Debug 2019|x86.ActiveCfg = Debug 2019|Win32
		{7107A53F-90B6-4130-B275-CCB39B91B22B}.Debug 2019|x86.Build.0 = Debug 2019|Win32
		{7107A53F-90B6-4130-B275-CCB39B91B22B}.Debug 2022|x64.ActiveCfg = Debug 2022|x64
		{7107A53F-90B6-4130-B275-CCB39B91B22B}.Debug 2022|x64.Build.0 = Debug 2022|x64
		{7107A53F-90B6-4130-B275-CCB39B91B22B}.Debug 2022|x86.ActiveCfg = Debug 2022|Win32
		{7107A53F-90B6-4130-B275-CCB39B91B22B}.Debug 2022|x86.Build.0 = Debug 2022|Win32
		{7107A53F-90B6-4130-B275-CCB39B91B22B}.Debug LLVM|x64.ActiveCfg = Debug LLVM|x64
		{7107A53F-90B6-4130-B275-CCB39B91B22B}.Debug LLVM|x64.Build.0 = Debug LLVM|x64
		{7107A53F-90B6-4130-B275-CCB39B91B22B}.Debug LLVM|x86.ActiveCfg = Debug LLVM|Win32
		{7107A53F-90B6-4130-B275-CCB39B91B22B}.Debug LLVM|x86.Build.0 = Debug LLVM|Win32
		{7107A53F-90B6-4130-B275-CCB39B91B22B}.Release 2019|x64.ActiveCfg = Release 2019|x64
		{7107A53F-90B6-4130-B275-CCB39B91B22B}.Release 2019|x64.Build.0 = Release 2019|x64
		{7107A53F-90B6-4130-B275-CCB39B91B22B}.Release 2019|x86.ActiveCfg = Release 2019|Win32
		{7107A53F-90B6-4130-B275-CCB39B91B22B}.Release 2019|x86.Build.0 = Release 2019|Win32
		{7107A53F-90B6-4130-B275-CCB39B91B22B}.Release 2022|x64.ActiveCfg = Release 2022|x64
		{7107A53F-90B6-4130-B275-CCB39B91B22B}.Release 2022|x64.Build.0 = Release 2022|x64
		{7107A53F-90B6-4130-B275-CCB39B91B22B}.Release 2022|x86.ActiveCfg = Release 2022|Win32
		{7107A53F-90B6-4130-B275-CCB39B91B22B}.Release 2022|x86.Build.0 = Release 2022|Win32
		{7107A53F-90B6-4130-B275-CCB39B91B22B}.Release LLVM|x64.ActiveCfg = Release LLVM|x64
		{7107A53F-90B6-4130-B275-CCB39B91B22B}.Release LLVM|x64.Build.0 = Release LLVM|x64
		{7107A53F-90B6-4130-B275-CCB39B91B22B}.Release LLVM|x86.ActiveCfg = Release LLVM|Win32
		{7107A53F-90B6-4130-B275-CCB39B91B22B}.Release LLVM|x86.Build.0 = Release LLVM|Win32
		{86F95AA8-7AED-4631-A1C1-A5F010D0E127}.Debug 2019|x64.ActiveCfg = Debug 2019|x64
		{86F95AA8-7AED-4631-A1C1-A5F010D0E127}.Debug 2019|x64.Build.0 = Debug 2019|x64
		{86F95AA8-7AED-4631-A1C1-A5F010D0E127}.Debug 2019|x86.ActiveCfg = Debug 2019|Win32
		{86F95AA8-7AED-4631-A1C1-A5F010D0E127}.Debug 2019|x86.Build.0 = Debug 2019|Win32
		{86F95AA8-7AED-4631-A1C1-A5F010D0E127}.Debug 2022|x64.ActiveCfg = Debug 2022|x64
		{86F95AA8-7AED-4631-A1C1-A5F010D0E127}.Debug 2022|x64.Build.0 = Debug 2022|x64
		{86F95AA8-7AED-4631-A1C1-A5F010D0E127}.Debug 2022|x86.ActiveCfg = Debug 2022|Win32
		{86F95AA8-7AED-4631-A1C1-A5F010D0E127}.Debug 2022|x86.Build.0 = Debug 2022|Win32
		{86F95AA8-7AED-4631-A1C1-A5F010D0E127}.Debug LLVM|x64.ActiveCfg = Debug LLVM|x64
		{86F95AA8-7AED-4631-A1C1-A5F010D0E127}.Debug LLVM|x64.Build.0 = Debug LLVM|x64
		{86F95AA8-7AED-4631-A1C1-A5F010D0E127}.Debug LLVM|x86.ActiveCfg = Debug LLVM|Win32
		{86F95AA8-7AED-4631-A1C1-A5F010D0E127}.Debug LLVM|x86.Build.0 = Debug LLVM|Win32
		{86F95AA8-7AED-4631-A1C1-A5F010D0E127}.Release 2019|x64.ActiveCfg = Release 2019|x64
		{86F95AA8-7AED-4631-A1C1-A5F010D0E127}.Release 2019|x64.Build.0 = Release 2019|x64
		{86F95AA8-7AED-4631-A1C1-A5F010D0E127}.Release 2019|x86.ActiveCfg = Release 2019|Win32
		{86F95AA8-7AED-4631-A1C1-A5F010D0E127}.Release 2019|x86.Build.0 = Release 2019|Win32
		{86F95AA8-7AED-4631-A1C1-A5F010D0E127}.Release 2022|x64.ActiveCfg = Release 2022|x64
		{86F95AA8-7AED-4631-A1C1-A5F010D0E127}.Release 2022|x64.Build.0 = Release 2022|x64
		{86F95AA8-7AED-4631-A1C1-A5F010D0E127}.Release 2022|x86.ActiveCfg = Release 2022|Win32
		{86F95AA8-7AED-4631-A1C1-A5F010D0E127}.Release 2022|x86.Build.0 = Release 2022|Win32
		{86F95AA8-7AED-4631-A1C1-A5F010D0E127}.Release LLVM|x64.ActiveCfg = Release LLVM|x64
		{86F95AA8-7AED-4631-A1C1-A5F010D0E127}.Release LLVM|x64.Build.0 = Release LLVM|x64
		{86F95AA8-7AED-4631-A1C1-A5F010D0E127}.Release LLVM|x86.ActiveCfg = Release LLVM|Win32
		{86F95AA8-7AED-4631-A1C1-A5F010D0E127}.Release LLVM|x86.Build.0 = Release LLVM|Win32
		{ED89B7CD-543A-4D5B-AAB8-E2DA7148D7F0}.Debug 2019|x64.ActiveCfg = Debug 2019|x64
		{ED89B7CD-543A-4D5B-AAB8-E2DA7148D7F0}.Debug 2019|x64.Build.0 = Debug 2019|x64
		{ED89B7CD-543A-4D5B-AAB8-E2DA7148D7F0}.Debug 2019|x86.ActiveCfg = Debug 2019|Win32
		{ED89B7CD-543A-4D5B-AAB8-E2DA7148D7F0}.Debug 2019|x86.Build.0 = Debug 2019|Win32
		{ED89B7CD-543A-4D5B-AAB8-E2DA7148D7F0}.Debug 2022|x64.ActiveCfg = Debug 2022|x64
		{ED89B7CD-543A-4D5B-AAB8-E2DA7148D7F0}.Debug 2022|x64.Build.0 = Debug 2022|x64
		{ED89B7CD-543A-4D5B-AAB8-E2DA7148D7F0}.Debug 2022|x86.ActiveCfg = Debug 2022|Win32
		{ED89B7CD-543A-4D5B-AAB8-E2DA7148D7F0}.Debug 2022|x86.Build.0 = Debug 2022|Win32
		{ED89B7CD-543A-4D5B-AAB8-E2DA7148D7F0}.Debug LLVM|x64.ActiveCfg = Debug LLVM|x64
		{ED89B7CD-543A-4D5B-AAB8-E2DA7148D7F0}.Debug LLVM|x64.Build.0 = Debug LLVM|x64
		{ED89B7CD-543A-4D5B-AAB8-E2DA7148D7F0}.Debug LLVM|x86.ActiveCfg = Debug LLVM|Win32
		{ED89B7CD-543A-4D5B-AAB8-E2DA7148D7F0}.Debug LLVM|x86.Build.0 = Debug LLVM|Win32
		{ED89B7CD-543A-4D5B-AAB8-E2DA7148D7F0}.Release 2019|x64.ActiveCfg = Release 2019|x64
		{ED89B7CD-543A-4D5B-AAB8-E2DA7148D7F0}.Release 2019|x64.Build.0 = Release 2019|x64
		{ED89B7CD-543A-4D5B-AAB8-E2DA7148D7F0}.Release 2019|x86.ActiveCfg = Release 2019|Win32
		{ED89B7CD-543A-4D5B-AAB8-E2DA7148D7F0}.Release 2019|x86.Build.0 = Release 2019|Win32
		{ED89B7CD-543A-4D5B-AAB8-E2DA7148D7F0}.Release 2022|x64.ActiveCfg = Release 2022|x64
		{ED89B7CD-543A-4D5B-AAB8-E2DA7148D7F0}.Release 2022|x64.Build.0 = Release 2022|x64
		{ED89B7CD-543A-4D5B-AAB8-E2DA7148D7F0}.Release 2022|x86.ActiveCfg = Release 2022|Win32
		{ED89B7CD-543A-4D5B-AAB8-E2DA7148D7F0}.Release 2022|x86.Build.0 = Release 2022|Win32
		{ED89B7CD-543A-4D5B-AAB8-E2DA7148D7F0}.Release LLVM|x64.ActiveCfg = Release LLVM|x64
		{ED89B7CD-543A-4D5B-AAB8-E2DA7148D7F0}.Release LLVM|x64.Build.0 = Release LLVM|x64
		{ED89B7CD-543A-4D5B-AAB8-E2DA7148D7F0}.Release LLVM|x86.ActiveCfg = Release LLVM|Win32
		{ED89B7CD-543A-4D5B-AAB8-E2DA7148D7F0}.Release LLVM|x86.Build.0 = Release LLVM|Win32
	EndGlobalSection
	GlobalSection(SolutionProperties) = preSolution
		HideSolutionNode = FALSE
	EndGlobalSection
	GlobalSection(NestedProjects) = preSolution
		{0D8B0020-62E3-472F-BE10-5400BC8183CA} = {FD422392-8CA2-4A93-A178-10B43B99664E}
		{AE347E10-438A-4A2B-8D7F-47B40D85BE40} = {FD422392-8CA2-4A93-A178-10B43B99664E}
		{810A987D-BFF4-4112-A59F-B8EAE9FCCD65} = {FD422392-8CA2-4A93-A178-10B43B99664E}
		{E39BE139-4A09-4ED6-8432-8E759940EC67} = {FD422392-8CA2-4A93-A178-10B43B99664E}
		{7107A53F-90B6-4130-B275-CCB39B91B22B} = {FD422392-8CA2-4A93-A178-10B43B99664E}
		{86F95AA8-7AED-4631-A1C1-A5F010D0E127} = {FD422392-8CA2-4A93-A178-10B43B99664E}
		{ED89B7CD-543A-4D5B-AAB8-E2DA7148D7F0} = {FD422392-8CA2-4A93-A178-10B43B99664E}
	EndGlobalSection
	GlobalSection(ExtensibilityGlobals) = postSolution
		SolutionGuid = {8BF25B33-3B8D-426F-A494-E34485CEAFD4}
	EndGlobalSection
EndGlobal
