<?xml version="1.0" encoding="utf-8"?>
<Project ToolsVersion="4.0" xmlns="http://schemas.microsoft.com/developer/msbuild/2003">
  <ItemGroup>
    <Filter Include="Source Files">
      <UniqueIdentifier>{4FC737F1-C7A5-4376-A066-2A32D752A2FF}</UniqueIdentifier>
      <Extensions>cpp;c;cc;cxx;c++;cppm;ixx;def;odl;idl;hpj;bat;asm;asmx</Extensions>
    </Filter>
    <Filter Include="Header Files">
      <UniqueIdentifier>{93995380-89BD-4b04-88EB-625FBE52EBFB}</UniqueIdentifier>
      <Extensions>h;hh;hpp;hxx;h++;hm;inl;inc;ipp;xsd</Extensions>
    </Filter>
    <Filter Include="Resource Files">
      <UniqueIdentifier>{67DA6AB6-F800-4c08-8B7A-83BB121AAD01}</UniqueIdentifier>
      <Extensions>rc;ico;cur;bmp;dlg;rc2;rct;bin;rgs;gif;jpg;jpeg;jpe;resx;tiff;tif;png;wav;mfcribbon-ms</Extensions>
    </Filter>
  </ItemGroup>
  <ItemGroup>
    <ClCompile Include="..\SRC\CRTL\heap.cpp">
      <Filter>Source Files</Filter>
    </ClCompile>
    <ClCompile Include="..\SRC\CRTL\new_delete.cpp">
      <Filter>Source Files</Filter>
    </ClCompile>
    <ClCompile Include="..\SRC\CRTL\strlen.cpp">
      <Filter>Source Files</Filter>
    </ClCompile>
    <ClCompile Include="..\SRC\CRTL\strcmp.cpp">
      <Filter>Source Files</Filter>
    </ClCompile>
    <ClCompile Include="..\SRC\CRTL\strcpy_s.cpp">
      <Filter>Source Files</Filter>
    </ClCompile>
    <ClCompile Include="..\SRC\CRTL\abort.cpp">
      <Filter>Source Files</Filter>
    </ClCompile>
    <ClCompile Include="..\SRC\CRTL\terminate.cpp">
      <Filter>Source Files</Filter>
    </ClCompile>
    <ClCompile Include="..\SRC\CRTL\memcpy.cpp">
      <Filter>Source Files</Filter>
    </ClCompile>
    <ClCompile Include="..\SRC\CRTL\strncmp.cpp">
      <Filter>Source Files</Filter>
    </ClCompile>
    <ClCompile Include="..\SRC\CRTL\errno.cpp">
      <Filter>Source Files</Filter>
    </ClCompile>
    <ClCompile Include="..\SRC\CRTL\rand.cpp">
      <Filter>Source Files</Filter>
    </ClCompile>
    <ClCompile Include="..\SRC\CRTL\uncaught_exceptions.cpp">
      <Filter>Source Files</Filter>
    </ClCompile>
    <ClCompile Include="..\SRC\CRTL\itoa.cpp">
      <Filter>Source Files</Filter>
    </ClCompile>
    <ClCompile Include="..\SRC\CRTL\iswspace.cpp">
      <Filter>Source Files</Filter>
    </ClCompile>
    <ClCompile Include="..\SRC\CRTL\strtol.cpp">
      <Filter>Source Files</Filter>
    </ClCompile>
    <ClCompile Include="..\SRC\CRTL\strcat_s.cpp">
      <Filter>Source Files</Filter>
    </ClCompile>
    <ClCompile Include="..\SRC\CRTL\llabs.cpp">
      <Filter>Source Files</Filter>
    </ClCompile>
    <ClCompile Include="..\SRC\CRTL\raise.cpp">
      <Filter>Source Files</Filter>
    </ClCompile>
    <ClCompile Include="..\SRC\CRTL\strcpy.cpp">
      <Filter>Source Files</Filter>
    </ClCompile>
  </ItemGroup>
  <ItemGroup>
    <ClInclude Include="..\SRC\Include\CRTL\errno.h">
      <Filter>Header Files</Filter>
    </ClInclude>
    <ClInclude Include="..\SRC\Include\CRTL\string.h">
      <Filter>Header Files</Filter>
    </ClInclude>
    <ClInclude Include="..\SRC\Include\CRTL\stddef.h">
      <Filter>Header Files</Filter>
    </ClInclude>
    <ClInclude Include="..\SRC\Include\CRTL\wchar.h">
      <Filter>Header Files</Filter>
    </ClInclude>
    <ClInclude Include="..\SRC\Include\CRTL\stdlib.h">
      <Filter>Header Files</Filter>
    </ClInclude>
  </ItemGroup>
</Project>