<?xml version="1.0" encoding="utf-8"?>
<Project ToolsVersion="4.0" xmlns="http://schemas.microsoft.com/developer/msbuild/2003">
  <ItemGroup>
    <Filter Include="Source Files">
      <UniqueIdentifier>{CD21AF3B-1598-4A1E-ACE3-C62B491D7141}</UniqueIdentifier>
      <Extensions>cpp;c;cc;cxx;def;odl;idl;hpj;bat;asm;asmx</Extensions>
    </Filter>
    <Filter Include="Header Files">
      <UniqueIdentifier>{4AF1D5D3-71CD-4AD7-814A-133EE36DC9B5}</UniqueIdentifier>
      <Extensions>h;hh;hpp;hxx;hm;inl;inc;ipp;xsd</Extensions>
    </Filter>
    <Filter Include="Resource Files">
      <UniqueIdentifier>{15813285-BD0C-46DB-BB75-3C13444ADF4C}</UniqueIdentifier>
      <Extensions>rc;ico;cur;bmp;dlg;rc2;rct;bin;rgs;gif;jpg;jpeg;jpe;resx;tiff;tif;png;wav;mfcribbon-ms</Extensions>
    </Filter>
  </ItemGroup>
  <ItemGroup>
    <ClCompile Include="..\ORB\Test\Binder.cpp">
      <Filter>Source Files</Filter>
    </ClCompile>
    <ClCompile Include="..\ORB\Test\I1.cpp">
      <Filter>Source Files</Filter>
    </ClCompile>
    <ClCompile Include="..\ORB\Test\I3.cpp">
      <Filter>Source Files</Filter>
    </ClCompile>
    <ClCompile Include="..\ORB\Test\ObjectCore.cpp">
      <Filter>Source Files</Filter>
    </ClCompile>
    <ClCompile Include="..\ORB\Test\ObjectFactoryCore.cpp">
      <Filter>Source Files</Filter>
    </ClCompile>
    <ClCompile Include="..\ORB\Test\ObjectImpl.cpp">
      <Filter>Source Files</Filter>
    </ClCompile>
    <ClCompile Include="..\ORB\Test\ServantCore.cpp">
      <Filter>Source Files</Filter>
    </ClCompile>
    <ClCompile Include="..\ORB\Test\Static.cpp">
      <Filter>Source Files</Filter>
    </ClCompile>
    <ClCompile Include="..\ORB\Test\Test_I1_c.cpp">
      <Filter>Source Files</Filter>
    </ClCompile>
    <ClCompile Include="..\ORB\Test\Test_I2_c.cpp">
      <Filter>Source Files</Filter>
    </ClCompile>
    <ClCompile Include="..\ORB\Test\Test_I3_c.cpp">
      <Filter>Source Files</Filter>
    </ClCompile>
    <ClCompile Include="..\ORB\Test\TestORB.cpp">
      <Filter>Source Files</Filter>
    </ClCompile>
    <ClCompile Include="..\ORB\Test\Test.cpp">
      <Filter>Source Files</Filter>
    </ClCompile>
  </ItemGroup>
  <ItemGroup>
    <None Include="packages.config" />
  </ItemGroup>
  <ItemGroup>
    <ClInclude Include="..\ORB\Test\Binder.h">
      <Filter>Header Files</Filter>
    </ClInclude>
    <ClInclude Include="..\ORB\Test\I1.h">
      <Filter>Header Files</Filter>
    </ClInclude>
    <ClInclude Include="..\ORB\Test\I3.h">
      <Filter>Header Files</Filter>
    </ClInclude>
    <ClInclude Include="..\ORB\Test\LocalObjectCore.h">
      <Filter>Header Files</Filter>
    </ClInclude>
    <ClInclude Include="..\ORB\Test\LocalObjectStaticCore.h">
      <Filter>Header Files</Filter>
    </ClInclude>
    <ClInclude Include="..\ORB\Test\ObjectCore.h">
      <Filter>Header Files</Filter>
    </ClInclude>
    <ClInclude Include="..\ORB\Test\ObjectFactoryCore.h">
      <Filter>Header Files</Filter>
    </ClInclude>
    <ClInclude Include="..\ORB\Test\ObjectImpl.h">
      <Filter>Header Files</Filter>
    </ClInclude>
    <ClInclude Include="..\ORB\Test\POACore.h">
      <Filter>Header Files</Filter>
    </ClInclude>
    <ClInclude Include="..\ORB\Test\ReferenceCounterImpl.h">
      <Filter>Header Files</Filter>
    </ClInclude>
    <ClInclude Include="..\ORB\Test\ServantCore.h">
      <Filter>Header Files</Filter>
    </ClInclude>
    <ClInclude Include="..\ORB\Test\Server.h">
      <Filter>Header Files</Filter>
    </ClInclude>
    <ClInclude Include="..\ORB\Test\Test_I1_c.h">
      <Filter>Header Files</Filter>
    </ClInclude>
    <ClInclude Include="..\ORB\Test\Test_I1_s.h">
      <Filter>Header Files</Filter>
    </ClInclude>
    <ClInclude Include="..\ORB\Test\Test_I2_c.h">
      <Filter>Header Files</Filter>
    </ClInclude>
    <ClInclude Include="..\ORB\Test\Test_I2_s.h">
      <Filter>Header Files</Filter>
    </ClInclude>
    <ClInclude Include="..\ORB\Test\Test_I3_c.h">
      <Filter>Header Files</Filter>
    </ClInclude>
    <ClInclude Include="..\ORB\Test\Test_I3_s.h">
      <Filter>Header Files</Filter>
    </ClInclude>
    <ClInclude Include="..\ORB\Test\TestORB.h">
      <Filter>Header Files</Filter>
    </ClInclude>
  </ItemGroup>
</Project>