<?xml version="1.0" encoding="utf-8"?>
<Project ToolsVersion="4.0" xmlns="http://schemas.microsoft.com/developer/msbuild/2003">
  <ItemGroup>
    <Filter Include="Source Files">
      <UniqueIdentifier>{CD21AF3B-1598-4A1E-ACE3-C62B491D7141}</UniqueIdentifier>
      <Extensions>cpp;c;cc;cxx;def;odl;idl;hpj;bat;asm;asmx</Extensions>
    </Filter>
    <Filter Include="Header Files">
      <UniqueIdentifier>{4AF1D5D3-71CD-4AD7-814A-133EE36DC9B5}</UniqueIdentifier>
      <Extensions>h;hh;hpp;hxx;hm;inl;inc;ipp;xsd</Extensions>
    </Filter>
    <Filter Include="Mock">
      <UniqueIdentifier>{7f1e5c72-a3a4-44d0-9588-a260aaed85bf}</UniqueIdentifier>
    </Filter>
    <Filter Include="Mock\Core">
      <UniqueIdentifier>{3026dde9-bde5-4323-807b-07b6e2948b20}</UniqueIdentifier>
    </Filter>
    <Filter Include="Mock\Core\ORB">
      <UniqueIdentifier>{81f68af8-50e4-421f-a9c2-9fa7e1fbf044}</UniqueIdentifier>
    </Filter>
  </ItemGroup>
  <ItemGroup>
    <ClCompile Include="..\ORB\Test\I1.cpp">
      <Filter>Source Files</Filter>
    </ClCompile>
    <ClCompile Include="..\ORB\Test\I3.cpp">
      <Filter>Source Files</Filter>
    </ClCompile>
    <ClCompile Include="..\ORB\Test\TestORB.cpp">
      <Filter>Source Files</Filter>
    </ClCompile>
    <ClCompile Include="..\ORB\Test\Test.cpp">
      <Filter>Source Files</Filter>
    </ClCompile>
    <ClCompile Include="..\ORB\Test\Test_I1_p.cpp">
      <Filter>Source Files</Filter>
    </ClCompile>
    <ClCompile Include="..\ORB\Test\Test_I1.cpp">
      <Filter>Source Files</Filter>
    </ClCompile>
    <ClCompile Include="..\ORB\Test\Mock\Core\ORB\ObjectFactory.cpp">
      <Filter>Mock\Core\ORB</Filter>
    </ClCompile>
    <ClCompile Include="..\ORB\Test\Mock\Core\ORB\POA.cpp">
      <Filter>Mock\Core\ORB</Filter>
    </ClCompile>
    <ClCompile Include="..\ORB\Test\Mock\Core\ORB\ServantBase.cpp">
      <Filter>Mock\Core\ORB</Filter>
    </ClCompile>
    <ClCompile Include="..\ORB\Test\Mock\Core\Current.cpp">
      <Filter>Mock\Core</Filter>
    </ClCompile>
    <ClCompile Include="..\ORB\Test\Mock\Core\FreeSyncContext.cpp">
      <Filter>Mock\Core</Filter>
    </ClCompile>
    <ClCompile Include="..\ORB\Test\Mock\MockBinder.cpp">
      <Filter>Mock</Filter>
    </ClCompile>
  </ItemGroup>
  <ItemGroup>
    <None Include="packages.config" />
  </ItemGroup>
  <ItemGroup>
    <ClInclude Include="..\ORB\Test\I1.h">
      <Filter>Header Files</Filter>
    </ClInclude>
    <ClInclude Include="..\ORB\Test\I3.h">
      <Filter>Header Files</Filter>
    </ClInclude>
    <ClInclude Include="..\ORB\Test\Server.h">
      <Filter>Header Files</Filter>
    </ClInclude>
    <ClInclude Include="..\ORB\Test\Test_I1_s.h">
      <Filter>Header Files</Filter>
    </ClInclude>
    <ClInclude Include="..\ORB\Test\Test_I2_s.h">
      <Filter>Header Files</Filter>
    </ClInclude>
    <ClInclude Include="..\ORB\Test\Test_I3_s.h">
      <Filter>Header Files</Filter>
    </ClInclude>
    <ClInclude Include="..\ORB\Test\TestORB.h">
      <Filter>Header Files</Filter>
    </ClInclude>
    <ClInclude Include="..\ORB\Test\Test_I1.h">
      <Filter>Header Files</Filter>
    </ClInclude>
    <ClInclude Include="..\ORB\Test\Test_I2.h">
      <Filter>Header Files</Filter>
    </ClInclude>
    <ClInclude Include="..\ORB\Test\Test_I3.h">
      <Filter>Header Files</Filter>
    </ClInclude>
    <ClInclude Include="..\ORB\Test\Mock\Core\ORB\LocalObject.h">
      <Filter>Mock\Core\ORB</Filter>
    </ClInclude>
    <ClInclude Include="..\ORB\Test\Mock\Core\ORB\ObjectFactory.h">
      <Filter>Mock\Core\ORB</Filter>
    </ClInclude>
    <ClInclude Include="..\ORB\Test\Mock\Core\ORB\POA.h">
      <Filter>Mock\Core\ORB</Filter>
    </ClInclude>
    <ClInclude Include="..\ORB\Test\Mock\Core\ORB\ProxyBase.h">
      <Filter>Mock\Core\ORB</Filter>
    </ClInclude>
    <ClInclude Include="..\ORB\Test\Mock\Core\ORB\ProxyLocal.h">
      <Filter>Mock\Core\ORB</Filter>
    </ClInclude>
    <ClInclude Include="..\ORB\Test\Mock\Core\ORB\ReferenceCounter.h">
      <Filter>Mock\Core\ORB</Filter>
    </ClInclude>
    <ClInclude Include="..\ORB\Test\Mock\Core\ORB\ServantBase.h">
      <Filter>Mock\Core\ORB</Filter>
    </ClInclude>
    <ClInclude Include="..\ORB\Test\Mock\MockBinder.h">
      <Filter>Mock</Filter>
    </ClInclude>
    <ClInclude Include="..\ORB\Test\Mock\MockPOA.h">
      <Filter>Mock</Filter>
    </ClInclude>
    <ClInclude Include="..\ORB\Test\Test_I1_p.h">
      <Filter>Header Files</Filter>
    </ClInclude>
  </ItemGroup>
</Project>