<?xml version="1.0" encoding="utf-8"?>
<Project ToolsVersion="4.0" xmlns="http://schemas.microsoft.com/developer/msbuild/2003">
  <ItemGroup>
    <Filter Include="Source Files">
      <UniqueIdentifier>{CD21AF3B-1598-4A1E-ACE3-C62B491D7141}</UniqueIdentifier>
      <Extensions>cpp;c;cc;cxx;def;odl;idl;hpj;bat;asm;asmx</Extensions>
    </Filter>
    <Filter Include="Header Files">
      <UniqueIdentifier>{4AF1D5D3-71CD-4AD7-814A-133EE36DC9B5}</UniqueIdentifier>
      <Extensions>h;hh;hpp;hxx;hm;inl;inc;ipp;xsd</Extensions>
    </Filter>
    <Filter Include="Resource Files">
      <UniqueIdentifier>{15813285-BD0C-46DB-BB75-3C13444ADF4C}</UniqueIdentifier>
      <Extensions>rc;ico;cur;bmp;dlg;rc2;rct;bin;rgs;gif;jpg;jpeg;jpe;resx;tiff;tif;png;wav;mfcribbon-ms</Extensions>
    </Filter>
    <Filter Include="Core">
      <UniqueIdentifier>{3026dde9-bde5-4323-807b-07b6e2948b20}</UniqueIdentifier>
    </Filter>
    <Filter Include="Core\ORB">
      <UniqueIdentifier>{81f68af8-50e4-421f-a9c2-9fa7e1fbf044}</UniqueIdentifier>
    </Filter>
  </ItemGroup>
  <ItemGroup>
    <ClCompile Include="..\ORB\Test\I1.cpp">
      <Filter>Source Files</Filter>
    </ClCompile>
    <ClCompile Include="..\ORB\Test\I3.cpp">
      <Filter>Source Files</Filter>
    </ClCompile>
    <ClCompile Include="..\ORB\Test\TestORB.cpp">
      <Filter>Source Files</Filter>
    </ClCompile>
    <ClCompile Include="..\ORB\Test\Test.cpp">
      <Filter>Source Files</Filter>
    </ClCompile>
    <ClCompile Include="..\ORB\Test\Test_I1_p.cpp">
      <Filter>Source Files</Filter>
    </ClCompile>
    <ClCompile Include="..\ORB\Test\Core\ORB\ObjectFactory.cpp">
      <Filter>Core\ORB</Filter>
    </ClCompile>
    <ClCompile Include="..\ORB\Test\Core\ORB\ProxyManager.cpp">
      <Filter>Core\ORB</Filter>
    </ClCompile>
    <ClCompile Include="..\ORB\Test\Core\ORB\ServantBase.cpp">
      <Filter>Core\ORB</Filter>
    </ClCompile>
    <ClCompile Include="..\ORB\Test\Core\Current.cpp">
      <Filter>Core</Filter>
    </ClCompile>
    <ClCompile Include="..\ORB\Test\Core\ORB\ProxyObject.cpp">
      <Filter>Core\ORB</Filter>
    </ClCompile>
    <ClCompile Include="..\ORB\Test\Core\ORB\POA.cpp">
      <Filter>Core\ORB</Filter>
    </ClCompile>
    <ClCompile Include="..\ORB\Test\MockBinder.cpp">
      <Filter>Source Files</Filter>
    </ClCompile>
    <ClCompile Include="..\ORB\Test\Core\FreeSyncContext.cpp">
      <Filter>Core</Filter>
    </ClCompile>
  </ItemGroup>
  <ItemGroup>
    <None Include="packages.config" />
  </ItemGroup>
  <ItemGroup>
    <ClInclude Include="..\ORB\Test\I1.h">
      <Filter>Header Files</Filter>
    </ClInclude>
    <ClInclude Include="..\ORB\Test\I3.h">
      <Filter>Header Files</Filter>
    </ClInclude>
    <ClInclude Include="..\ORB\Test\Server.h">
      <Filter>Header Files</Filter>
    </ClInclude>
    <ClInclude Include="..\ORB\Test\Test_I1_s.h">
      <Filter>Header Files</Filter>
    </ClInclude>
    <ClInclude Include="..\ORB\Test\Test_I2_s.h">
      <Filter>Header Files</Filter>
    </ClInclude>
    <ClInclude Include="..\ORB\Test\Test_I3_s.h">
      <Filter>Header Files</Filter>
    </ClInclude>
    <ClInclude Include="..\ORB\Test\TestORB.h">
      <Filter>Header Files</Filter>
    </ClInclude>
    <ClInclude Include="..\ORB\Test\Test_I1.h">
      <Filter>Header Files</Filter>
    </ClInclude>
    <ClInclude Include="..\ORB\Test\Test_I2.h">
      <Filter>Header Files</Filter>
    </ClInclude>
    <ClInclude Include="..\ORB\Test\Test_I3.h">
      <Filter>Header Files</Filter>
    </ClInclude>
    <ClInclude Include="..\ORB\Test\Core\AtomicCounter.h">
      <Filter>Core</Filter>
    </ClInclude>
    <ClInclude Include="..\ORB\Test\Core\LifeCycle.h">
      <Filter>Core</Filter>
    </ClInclude>
    <ClInclude Include="..\ORB\Test\Core\Runnable.h">
      <Filter>Core</Filter>
    </ClInclude>
    <ClInclude Include="..\ORB\Test\Core\ORB\LocalObject.h">
      <Filter>Core\ORB</Filter>
    </ClInclude>
    <ClInclude Include="..\ORB\Test\Core\ORB\ObjectFactory.h">
      <Filter>Core\ORB</Filter>
    </ClInclude>
    <ClInclude Include="..\ORB\Test\Core\ORB\ObjectImpl.h">
      <Filter>Core\ORB</Filter>
    </ClInclude>
    <ClInclude Include="..\ORB\Test\Core\ORB\ProxyBase.h">
      <Filter>Core\ORB</Filter>
    </ClInclude>
    <ClInclude Include="..\ORB\Test\Core\ORB\ProxyLocal.h">
      <Filter>Core\ORB</Filter>
    </ClInclude>
    <ClInclude Include="..\ORB\Test\Core\ORB\ProxyManager.h">
      <Filter>Core\ORB</Filter>
    </ClInclude>
    <ClInclude Include="..\ORB\Test\Core\ORB\ProxyObject.h">
      <Filter>Core\ORB</Filter>
    </ClInclude>
    <ClInclude Include="..\ORB\Test\Core\ORB\ReferenceCounter.h">
      <Filter>Core\ORB</Filter>
    </ClInclude>
    <ClInclude Include="..\ORB\Test\Core\ORB\ServantBase.h">
      <Filter>Core\ORB</Filter>
    </ClInclude>
    <ClInclude Include="..\ORB\Test\Core\ORB\POA.h">
      <Filter>Core\ORB</Filter>
    </ClInclude>
    <ClInclude Include="..\ORB\Test\MockPOA.h">
      <Filter>Header Files</Filter>
    </ClInclude>
    <ClInclude Include="..\ORB\Test\MockBinder.h">
      <Filter>Header Files</Filter>
    </ClInclude>
    <ClInclude Include="..\ORB\Test\Core\SynchronizationContext.h">
      <Filter>Core</Filter>
    </ClInclude>
    <ClInclude Include="..\ORB\Test\Core\CoreInterface.h">
      <Filter>Core</Filter>
    </ClInclude>
    <ClInclude Include="..\ORB\Test\Core\Synchronized.h">
      <Filter>Core</Filter>
    </ClInclude>
  </ItemGroup>
</Project>