<?xml version="1.0" encoding="utf-8"?>
<Project ToolsVersion="4.0" xmlns="http://schemas.microsoft.com/developer/msbuild/2003">
  <ItemGroup>
    <Filter Include="Source Files">
      <UniqueIdentifier>{4FC737F1-C7A5-4376-A066-2A32D752A2FF}</UniqueIdentifier>
      <Extensions>cpp;c;cc;cxx;def;odl;idl;hpj;bat;asm;asmx</Extensions>
    </Filter>
    <Filter Include="Header Files">
      <UniqueIdentifier>{93995380-89BD-4b04-88EB-625FBE52EBFB}</UniqueIdentifier>
      <Extensions>h;hh;hpp;hxx;hm;inl;inc;ipp;xsd</Extensions>
    </Filter>
    <Filter Include="ORB">
      <UniqueIdentifier>{bf7f757c-f258-452d-9491-54bcf5ec262d}</UniqueIdentifier>
    </Filter>
    <Filter Include="ORB\Header Files">
      <UniqueIdentifier>{34fe4bd4-8ee0-4c98-91ea-d0f1c4790f03}</UniqueIdentifier>
      <Extensions>h</Extensions>
    </Filter>
    <Filter Include="ORB\Source Files">
      <UniqueIdentifier>{e9811b90-4cb4-4759-a18b-78de410b7cc0}</UniqueIdentifier>
      <Extensions>cpp</Extensions>
    </Filter>
  </ItemGroup>
  <ItemGroup>
    <ClCompile Include="..\ORB\Core\tc_constants.cpp">
      <Filter>ORB\Source Files</Filter>
    </ClCompile>
    <ClCompile Include="..\ORB\Core\tc_exceptions.cpp">
      <Filter>ORB\Source Files</Filter>
    </ClCompile>
  </ItemGroup>
  <ItemGroup>
    <ClInclude Include="..\ORB\Core\tc_impex.h">
      <Filter>ORB\Header Files</Filter>
    </ClInclude>
  </ItemGroup>
</Project>