<?xml version="1.0" encoding="utf-8"?>
<Project ToolsVersion="4.0" xmlns="http://schemas.microsoft.com/developer/msbuild/2003">
  <ItemGroup>
    <Filter Include="Source Files">
      <UniqueIdentifier>{4FC737F1-C7A5-4376-A066-2A32D752A2FF}</UniqueIdentifier>
      <Extensions>cpp;c;cc;cxx;def;odl;idl;hpj;bat;asm;asmx</Extensions>
    </Filter>
    <Filter Include="Header Files">
      <UniqueIdentifier>{93995380-89BD-4b04-88EB-625FBE52EBFB}</UniqueIdentifier>
      <Extensions>h;hh;hpp;hxx;hm;inl;inc;ipp;xsd</Extensions>
    </Filter>
    <Filter Include="Resource Files">
      <UniqueIdentifier>{67DA6AB6-F800-4c08-8B7A-83BB121AAD01}</UniqueIdentifier>
      <Extensions>rc;ico;cur;bmp;dlg;rc2;rct;bin;rgs;gif;jpg;jpeg;jpe;resx;tiff;tif;png;wav;mfcribbon-ms</Extensions>
    </Filter>
  </ItemGroup>
  <ItemGroup>
    <ClCompile Include="..\nlibcxx\libcxx\src\algorithm.cpp">
      <Filter>Source Files</Filter>
    </ClCompile>
    <ClCompile Include="..\nlibcxx\libcxx\src\any.cpp">
      <Filter>Source Files</Filter>
    </ClCompile>
    <ClCompile Include="..\nlibcxx\libcxx\src\bind.cpp">
      <Filter>Source Files</Filter>
    </ClCompile>
    <ClCompile Include="..\nlibcxx\libcxx\src\charconv.cpp">
      <Filter>Source Files</Filter>
    </ClCompile>
    <ClCompile Include="..\nlibcxx\libcxx\src\chrono.cpp">
      <Filter>Source Files</Filter>
    </ClCompile>
    <ClCompile Include="..\nlibcxx\libcxx\src\condition_variable.cpp">
      <Filter>Source Files</Filter>
    </ClCompile>
    <ClCompile Include="..\nlibcxx\libcxx\src\condition_variable_destructor.cpp">
      <Filter>Source Files</Filter>
    </ClCompile>
    <ClCompile Include="..\nlibcxx\libcxx\src\debug.cpp">
      <Filter>Source Files</Filter>
    </ClCompile>
    <ClCompile Include="..\nlibcxx\libcxx\src\exception.cpp">
      <Filter>Source Files</Filter>
    </ClCompile>
    <ClCompile Include="..\nlibcxx\libcxx\src\functional.cpp">
      <Filter>Source Files</Filter>
    </ClCompile>
    <ClCompile Include="..\nlibcxx\libcxx\src\future.cpp">
      <Filter>Source Files</Filter>
    </ClCompile>
    <ClCompile Include="..\nlibcxx\libcxx\src\hash.cpp">
      <Filter>Source Files</Filter>
    </ClCompile>
    <ClCompile Include="..\nlibcxx\libcxx\src\ios.cpp">
      <Filter>Source Files</Filter>
    </ClCompile>
    <ClCompile Include="..\nlibcxx\libcxx\src\iostream.cpp">
      <Filter>Source Files</Filter>
    </ClCompile>
    <ClCompile Include="..\nlibcxx\libcxx\src\locale.cpp">
      <Filter>Source Files</Filter>
    </ClCompile>
    <ClCompile Include="..\nlibcxx\libcxx\src\memory.cpp">
      <Filter>Source Files</Filter>
    </ClCompile>
    <ClCompile Include="..\nlibcxx\libcxx\src\mutex.cpp">
      <Filter>Source Files</Filter>
    </ClCompile>
    <ClCompile Include="..\nlibcxx\libcxx\src\mutex_destructor.cpp">
      <Filter>Source Files</Filter>
    </ClCompile>
    <ClCompile Include="..\nlibcxx\libcxx\src\new.cpp">
      <Filter>Source Files</Filter>
    </ClCompile>
    <ClCompile Include="..\nlibcxx\libcxx\src\optional.cpp">
      <Filter>Source Files</Filter>
    </ClCompile>
    <ClCompile Include="..\nlibcxx\libcxx\src\random.cpp">
      <Filter>Source Files</Filter>
    </ClCompile>
    <ClCompile Include="..\nlibcxx\libcxx\src\regex.cpp">
      <Filter>Source Files</Filter>
    </ClCompile>
    <ClCompile Include="..\nlibcxx\libcxx\src\shared_mutex.cpp">
      <Filter>Source Files</Filter>
    </ClCompile>
    <ClCompile Include="..\nlibcxx\libcxx\src\stdexcept.cpp">
      <Filter>Source Files</Filter>
    </ClCompile>
    <ClCompile Include="..\nlibcxx\libcxx\src\string.cpp">
      <Filter>Source Files</Filter>
    </ClCompile>
    <ClCompile Include="..\nlibcxx\libcxx\src\strstream.cpp">
      <Filter>Source Files</Filter>
    </ClCompile>
    <ClCompile Include="..\nlibcxx\libcxx\src\system_error.cpp">
      <Filter>Source Files</Filter>
    </ClCompile>
    <ClCompile Include="..\nlibcxx\libcxx\src\thread.cpp">
      <Filter>Source Files</Filter>
    </ClCompile>
    <ClCompile Include="..\nlibcxx\libcxx\src\typeinfo.cpp">
      <Filter>Source Files</Filter>
    </ClCompile>
    <ClCompile Include="..\nlibcxx\libcxx\src\utility.cpp">
      <Filter>Source Files</Filter>
    </ClCompile>
    <ClCompile Include="..\nlibcxx\libcxx\src\valarray.cpp">
      <Filter>Source Files</Filter>
    </ClCompile>
    <ClCompile Include="..\nlibcxx\libcxx\src\variant.cpp">
      <Filter>Source Files</Filter>
    </ClCompile>
    <ClCompile Include="..\nlibcxx\libcxx\src\vector.cpp">
      <Filter>Source Files</Filter>
    </ClCompile>
  </ItemGroup>
  <ItemGroup>
    <None Include="..\nlibcxx\libcxx\include\__bit_reference">
      <Filter>Header Files</Filter>
    </None>
    <None Include="..\nlibcxx\libcxx\include\__config">
      <Filter>Header Files</Filter>
    </None>
    <None Include="..\nlibcxx\libcxx\include\__config_site.in">
      <Filter>Header Files</Filter>
    </None>
    <None Include="..\nlibcxx\libcxx\include\__debug">
      <Filter>Header Files</Filter>
    </None>
    <None Include="..\nlibcxx\libcxx\include\__errc">
      <Filter>Header Files</Filter>
    </None>
    <None Include="..\nlibcxx\libcxx\include\__functional_03">
      <Filter>Header Files</Filter>
    </None>
    <None Include="..\nlibcxx\libcxx\include\__functional_base">
      <Filter>Header Files</Filter>
    </None>
    <None Include="..\nlibcxx\libcxx\include\__functional_base_03">
      <Filter>Header Files</Filter>
    </None>
    <None Include="..\nlibcxx\libcxx\include\__hash_table">
      <Filter>Header Files</Filter>
    </None>
    <None Include="..\nlibcxx\libcxx\include\__libcpp_version">
      <Filter>Header Files</Filter>
    </None>
    <None Include="..\nlibcxx\libcxx\include\__locale">
      <Filter>Header Files</Filter>
    </None>
    <None Include="..\nlibcxx\libcxx\include\__mutex_base">
      <Filter>Header Files</Filter>
    </None>
    <None Include="..\nlibcxx\libcxx\include\__node_handle">
      <Filter>Header Files</Filter>
    </None>
    <None Include="..\nlibcxx\libcxx\include\__nullptr">
      <Filter>Header Files</Filter>
    </None>
    <None Include="..\nlibcxx\libcxx\include\__split_buffer">
      <Filter>Header Files</Filter>
    </None>
    <None Include="..\nlibcxx\libcxx\include\__sso_allocator">
      <Filter>Header Files</Filter>
    </None>
    <None Include="..\nlibcxx\libcxx\include\__std_stream">
      <Filter>Header Files</Filter>
    </None>
    <None Include="..\nlibcxx\libcxx\include\__string">
      <Filter>Header Files</Filter>
    </None>
    <None Include="..\nlibcxx\libcxx\include\__threading_support">
      <Filter>Header Files</Filter>
    </None>
    <None Include="..\nlibcxx\libcxx\include\__tree">
      <Filter>Header Files</Filter>
    </None>
    <None Include="..\nlibcxx\libcxx\include\__tuple">
      <Filter>Header Files</Filter>
    </None>
    <None Include="..\nlibcxx\libcxx\include\__undef_macros">
      <Filter>Header Files</Filter>
    </None>
    <None Include="..\nlibcxx\libcxx\include\algorithm">
      <Filter>Header Files</Filter>
    </None>
    <None Include="..\nlibcxx\libcxx\include\any">
      <Filter>Header Files</Filter>
    </None>
    <None Include="..\nlibcxx\libcxx\include\array">
      <Filter>Header Files</Filter>
    </None>
    <None Include="..\nlibcxx\libcxx\include\atomic">
      <Filter>Header Files</Filter>
    </None>
    <None Include="..\nlibcxx\libcxx\include\bit">
      <Filter>Header Files</Filter>
    </None>
    <None Include="..\nlibcxx\libcxx\include\bitset">
      <Filter>Header Files</Filter>
    </None>
    <None Include="..\nlibcxx\libcxx\include\cassert">
      <Filter>Header Files</Filter>
    </None>
    <None Include="..\nlibcxx\libcxx\include\ccomplex">
      <Filter>Header Files</Filter>
    </None>
    <None Include="..\nlibcxx\libcxx\include\cctype">
      <Filter>Header Files</Filter>
    </None>
    <None Include="..\nlibcxx\libcxx\include\cerrno">
      <Filter>Header Files</Filter>
    </None>
    <None Include="..\nlibcxx\libcxx\include\cfenv">
      <Filter>Header Files</Filter>
    </None>
    <None Include="..\nlibcxx\libcxx\include\cfloat">
      <Filter>Header Files</Filter>
    </None>
    <None Include="..\nlibcxx\libcxx\include\charconv">
      <Filter>Header Files</Filter>
    </None>
    <None Include="..\nlibcxx\libcxx\include\chrono">
      <Filter>Header Files</Filter>
    </None>
    <None Include="..\nlibcxx\libcxx\include\cinttypes">
      <Filter>Header Files</Filter>
    </None>
    <None Include="..\nlibcxx\libcxx\include\ciso646">
      <Filter>Header Files</Filter>
    </None>
    <None Include="..\nlibcxx\libcxx\include\climits">
      <Filter>Header Files</Filter>
    </None>
    <None Include="..\nlibcxx\libcxx\include\clocale">
      <Filter>Header Files</Filter>
    </None>
    <None Include="..\nlibcxx\libcxx\include\cmath">
      <Filter>Header Files</Filter>
    </None>
    <None Include="..\nlibcxx\libcxx\include\codecvt">
      <Filter>Header Files</Filter>
    </None>
    <None Include="..\nlibcxx\libcxx\include\compare">
      <Filter>Header Files</Filter>
    </None>
    <None Include="..\nlibcxx\libcxx\include\complex">
      <Filter>Header Files</Filter>
    </None>
    <None Include="..\nlibcxx\libcxx\include\condition_variable">
      <Filter>Header Files</Filter>
    </None>
    <None Include="..\nlibcxx\libcxx\include\csetjmp">
      <Filter>Header Files</Filter>
    </None>
    <None Include="..\nlibcxx\libcxx\include\csignal">
      <Filter>Header Files</Filter>
    </None>
    <None Include="..\nlibcxx\libcxx\include\cstdarg">
      <Filter>Header Files</Filter>
    </None>
    <None Include="..\nlibcxx\libcxx\include\cstdbool">
      <Filter>Header Files</Filter>
    </None>
    <None Include="..\nlibcxx\libcxx\include\cstddef">
      <Filter>Header Files</Filter>
    </None>
    <None Include="..\nlibcxx\libcxx\include\cstdint">
      <Filter>Header Files</Filter>
    </None>
    <None Include="..\nlibcxx\libcxx\include\cstdio">
      <Filter>Header Files</Filter>
    </None>
    <None Include="..\nlibcxx\libcxx\include\cstdlib">
      <Filter>Header Files</Filter>
    </None>
    <None Include="..\nlibcxx\libcxx\include\cstring">
      <Filter>Header Files</Filter>
    </None>
    <None Include="..\nlibcxx\libcxx\include\ctgmath">
      <Filter>Header Files</Filter>
    </None>
    <None Include="..\nlibcxx\libcxx\include\ctime">
      <Filter>Header Files</Filter>
    </None>
    <None Include="..\nlibcxx\libcxx\include\cwchar">
      <Filter>Header Files</Filter>
    </None>
    <None Include="..\nlibcxx\libcxx\include\cwctype">
      <Filter>Header Files</Filter>
    </None>
    <None Include="..\nlibcxx\libcxx\include\deque">
      <Filter>Header Files</Filter>
    </None>
    <None Include="..\nlibcxx\libcxx\include\exception">
      <Filter>Header Files</Filter>
    </None>
    <None Include="..\nlibcxx\libcxx\include\execution">
      <Filter>Header Files</Filter>
    </None>
    <None Include="..\nlibcxx\libcxx\include\filesystem">
      <Filter>Header Files</Filter>
    </None>
    <None Include="..\nlibcxx\libcxx\include\forward_list">
      <Filter>Header Files</Filter>
    </None>
    <None Include="..\nlibcxx\libcxx\include\fstream">
      <Filter>Header Files</Filter>
    </None>
    <None Include="..\nlibcxx\libcxx\include\functional">
      <Filter>Header Files</Filter>
    </None>
    <None Include="..\nlibcxx\libcxx\include\future">
      <Filter>Header Files</Filter>
    </None>
    <None Include="..\nlibcxx\libcxx\include\initializer_list">
      <Filter>Header Files</Filter>
    </None>
    <None Include="..\nlibcxx\libcxx\include\iomanip">
      <Filter>Header Files</Filter>
    </None>
    <None Include="..\nlibcxx\libcxx\include\ios">
      <Filter>Header Files</Filter>
    </None>
    <None Include="..\nlibcxx\libcxx\include\iosfwd">
      <Filter>Header Files</Filter>
    </None>
    <None Include="..\nlibcxx\libcxx\include\iostream">
      <Filter>Header Files</Filter>
    </None>
    <None Include="..\nlibcxx\libcxx\include\istream">
      <Filter>Header Files</Filter>
    </None>
    <None Include="..\nlibcxx\libcxx\include\iterator">
      <Filter>Header Files</Filter>
    </None>
    <None Include="..\nlibcxx\libcxx\include\limits">
      <Filter>Header Files</Filter>
    </None>
    <None Include="..\nlibcxx\libcxx\include\list">
      <Filter>Header Files</Filter>
    </None>
    <None Include="..\nlibcxx\libcxx\include\locale">
      <Filter>Header Files</Filter>
    </None>
    <None Include="..\nlibcxx\libcxx\include\map">
      <Filter>Header Files</Filter>
    </None>
    <None Include="..\nlibcxx\libcxx\include\memory">
      <Filter>Header Files</Filter>
    </None>
    <None Include="..\nlibcxx\libcxx\include\mutex">
      <Filter>Header Files</Filter>
    </None>
    <None Include="..\nlibcxx\libcxx\include\new">
      <Filter>Header Files</Filter>
    </None>
    <None Include="..\nlibcxx\libcxx\include\numeric">
      <Filter>Header Files</Filter>
    </None>
    <None Include="..\nlibcxx\libcxx\include\optional">
      <Filter>Header Files</Filter>
    </None>
    <None Include="..\nlibcxx\libcxx\include\ostream">
      <Filter>Header Files</Filter>
    </None>
    <None Include="..\nlibcxx\libcxx\include\queue">
      <Filter>Header Files</Filter>
    </None>
    <None Include="..\nlibcxx\libcxx\include\random">
      <Filter>Header Files</Filter>
    </None>
    <None Include="..\nlibcxx\libcxx\include\ratio">
      <Filter>Header Files</Filter>
    </None>
    <None Include="..\nlibcxx\libcxx\include\regex">
      <Filter>Header Files</Filter>
    </None>
    <None Include="..\nlibcxx\libcxx\include\scoped_allocator">
      <Filter>Header Files</Filter>
    </None>
    <None Include="..\nlibcxx\libcxx\include\set">
      <Filter>Header Files</Filter>
    </None>
    <None Include="..\nlibcxx\libcxx\include\shared_mutex">
      <Filter>Header Files</Filter>
    </None>
    <None Include="..\nlibcxx\libcxx\include\span">
      <Filter>Header Files</Filter>
    </None>
    <None Include="..\nlibcxx\libcxx\include\sstream">
      <Filter>Header Files</Filter>
    </None>
    <None Include="..\nlibcxx\libcxx\include\stack">
      <Filter>Header Files</Filter>
    </None>
    <None Include="..\nlibcxx\libcxx\include\stdexcept">
      <Filter>Header Files</Filter>
    </None>
    <None Include="..\nlibcxx\libcxx\include\streambuf">
      <Filter>Header Files</Filter>
    </None>
    <None Include="..\nlibcxx\libcxx\include\string">
      <Filter>Header Files</Filter>
    </None>
    <None Include="..\nlibcxx\libcxx\include\string_view">
      <Filter>Header Files</Filter>
    </None>
    <None Include="..\nlibcxx\libcxx\include\strstream">
      <Filter>Header Files</Filter>
    </None>
    <None Include="..\nlibcxx\libcxx\include\system_error">
      <Filter>Header Files</Filter>
    </None>
    <None Include="..\nlibcxx\libcxx\include\thread">
      <Filter>Header Files</Filter>
    </None>
    <None Include="..\nlibcxx\libcxx\include\tuple">
      <Filter>Header Files</Filter>
    </None>
    <None Include="..\nlibcxx\libcxx\include\type_traits">
      <Filter>Header Files</Filter>
    </None>
    <None Include="..\nlibcxx\libcxx\include\typeindex">
      <Filter>Header Files</Filter>
    </None>
    <None Include="..\nlibcxx\libcxx\include\typeinfo">
      <Filter>Header Files</Filter>
    </None>
    <None Include="..\nlibcxx\libcxx\include\unordered_map">
      <Filter>Header Files</Filter>
    </None>
    <None Include="..\nlibcxx\libcxx\include\unordered_set">
      <Filter>Header Files</Filter>
    </None>
    <None Include="..\nlibcxx\libcxx\include\utility">
      <Filter>Header Files</Filter>
    </None>
    <None Include="..\nlibcxx\libcxx\include\valarray">
      <Filter>Header Files</Filter>
    </None>
    <None Include="..\nlibcxx\libcxx\include\variant">
      <Filter>Header Files</Filter>
    </None>
    <None Include="..\nlibcxx\libcxx\include\vector">
      <Filter>Header Files</Filter>
    </None>
    <None Include="..\nlibcxx\libcxx\include\version">
      <Filter>Header Files</Filter>
    </None>
  </ItemGroup>
  <ItemGroup>
    <ClInclude Include="..\nlibcxx\libcxx\include\__bsd_locale_defaults.h">
      <Filter>Header Files</Filter>
    </ClInclude>
    <ClInclude Include="..\nlibcxx\libcxx\include\__bsd_locale_fallbacks.h">
      <Filter>Header Files</Filter>
    </ClInclude>
    <ClInclude Include="..\nlibcxx\libcxx\include\complex.h">
      <Filter>Header Files</Filter>
    </ClInclude>
    <ClInclude Include="..\nlibcxx\libcxx\include\ctype.h">
      <Filter>Header Files</Filter>
    </ClInclude>
    <ClInclude Include="..\nlibcxx\libcxx\include\errno.h">
      <Filter>Header Files</Filter>
    </ClInclude>
    <ClInclude Include="..\nlibcxx\libcxx\include\fenv.h">
      <Filter>Header Files</Filter>
    </ClInclude>
    <ClInclude Include="..\nlibcxx\libcxx\include\float.h">
      <Filter>Header Files</Filter>
    </ClInclude>
    <ClInclude Include="..\nlibcxx\libcxx\include\inttypes.h">
      <Filter>Header Files</Filter>
    </ClInclude>
    <ClInclude Include="..\nlibcxx\libcxx\include\limits.h">
      <Filter>Header Files</Filter>
    </ClInclude>
    <ClInclude Include="..\nlibcxx\libcxx\include\locale.h">
      <Filter>Header Files</Filter>
    </ClInclude>
    <ClInclude Include="..\nlibcxx\libcxx\include\math.h">
      <Filter>Header Files</Filter>
    </ClInclude>
    <ClInclude Include="..\nlibcxx\libcxx\include\setjmp.h">
      <Filter>Header Files</Filter>
    </ClInclude>
    <ClInclude Include="..\nlibcxx\libcxx\include\stdbool.h">
      <Filter>Header Files</Filter>
    </ClInclude>
    <ClInclude Include="..\nlibcxx\libcxx\include\stddef.h">
      <Filter>Header Files</Filter>
    </ClInclude>
    <ClInclude Include="..\nlibcxx\libcxx\include\stdint.h">
      <Filter>Header Files</Filter>
    </ClInclude>
    <ClInclude Include="..\nlibcxx\libcxx\include\stdio.h">
      <Filter>Header Files</Filter>
    </ClInclude>
    <ClInclude Include="..\nlibcxx\libcxx\include\stdlib.h">
      <Filter>Header Files</Filter>
    </ClInclude>
    <ClInclude Include="..\nlibcxx\libcxx\include\string.h">
      <Filter>Header Files</Filter>
    </ClInclude>
    <ClInclude Include="..\nlibcxx\libcxx\include\tgmath.h">
      <Filter>Header Files</Filter>
    </ClInclude>
    <ClInclude Include="..\nlibcxx\libcxx\include\wchar.h">
      <Filter>Header Files</Filter>
    </ClInclude>
    <ClInclude Include="..\nlibcxx\libcxx\include\wctype.h">
      <Filter>Header Files</Filter>
    </ClInclude>
  </ItemGroup>
</Project>