<?xml version="1.0" encoding="utf-8"?>
<Project ToolsVersion="4.0" xmlns="http://schemas.microsoft.com/developer/msbuild/2003">
  <ItemGroup>
    <Filter Include="Source Files">
      <UniqueIdentifier>{4FC737F1-C7A5-4376-A066-2A32D752A2FF}</UniqueIdentifier>
      <Extensions>cpp;c;cc;cxx;def;odl;idl;hpj;bat;asm;asmx</Extensions>
    </Filter>
    <Filter Include="Header Files">
      <UniqueIdentifier>{93995380-89BD-4b04-88EB-625FBE52EBFB}</UniqueIdentifier>
      <Extensions>h;hh;hpp;hxx;hm;inl;inc;ipp;xsd</Extensions>
    </Filter>
    <Filter Include="ORB">
      <UniqueIdentifier>{52ffac38-7c61-4ab8-a938-f7e32a6e6f3f}</UniqueIdentifier>
    </Filter>
    <Filter Include="ORB\Header Files">
      <UniqueIdentifier>{ef98eb34-73b7-41fa-85c1-3d82c4a47d19}</UniqueIdentifier>
      <Extensions>h</Extensions>
    </Filter>
    <Filter Include="ORB\Source Files">
      <UniqueIdentifier>{9eef87f0-b2d1-466a-87f9-2c675a2036bf}</UniqueIdentifier>
      <Extensions>cpp</Extensions>
    </Filter>
  </ItemGroup>
  <ItemGroup>
    <ClCompile Include="..\SRC\CoreImport\g_memory.cpp">
      <Filter>Source Files</Filter>
    </ClCompile>
    <ClCompile Include="..\ORB\CoreImport\tc_constants.cpp">
      <Filter>ORB\Source Files</Filter>
    </ClCompile>
    <ClCompile Include="..\ORB\CoreImport\tc_exceptions.cpp">
      <Filter>ORB\Source Files</Filter>
    </ClCompile>
    <ClCompile Include="..\SRC\CoreImport\g_module.cpp">
      <Filter>Source Files</Filter>
    </ClCompile>
    <ClCompile Include="..\ORB\CoreImport\g_object_factory.cpp">
      <Filter>ORB\Source Files</Filter>
    </ClCompile>
    <ClCompile Include="..\SRC\CoreImport\g_system.cpp">
      <Filter>Source Files</Filter>
    </ClCompile>
    <ClCompile Include="..\ORB\CoreImport\tc_TypeCode.cpp">
      <Filter>ORB\Source Files</Filter>
    </ClCompile>
    <ClCompile Include="..\ORB\CoreImport\g_ORB.cpp">
      <Filter>ORB\Source Files</Filter>
    </ClCompile>
    <ClCompile Include="..\ORB\CoreImport\Any.cpp">
      <Filter>ORB\Source Files</Filter>
    </ClCompile>
  </ItemGroup>
</Project>